
Microsoft Visual Studio Solution File, Format Version 12.00
# Visual Studio 15
VisualStudioVersion = 15.0.28307.102
MinimumVisualStudioVersion = 10.0.40219.1
Project("{FAE04EC0-301F-11D3-BF4B-00C04F79EFBC}") = "BlocoNotas.Android", "BlocoNotas\BlocoNotas.Android\BlocoNotas.Android.csproj", "{9F81AE7C-1083-4E90-8706-233DB84912F7}"
EndProject
Project("{FAE04EC0-301F-11D3-BF4B-00C04F79EFBC}") = "BlocoNotas", "BlocoNotas\BlocoNotas\BlocoNotas.csproj", "{51051B93-973B-4D08-888E-20919ED0DA4C}"
EndProject
Global
	GlobalSection(SolutionConfigurationPlatforms) = preSolution
		Debug|Any CPU = Debug|Any CPU
		Release|Any CPU = Release|Any CPU
	EndGlobalSection
	GlobalSection(ProjectConfigurationPlatforms) = postSolution
		{9F81AE7C-1083-4E90-8706-233DB84912F7}.Debug|Any CPU.ActiveCfg = Debug|Any CPU
		{9F81AE7C-1083-4E90-8706-233DB84912F7}.Debug|Any CPU.Build.0 = Debug|Any CPU
		{9F81AE7C-1083-4E90-8706-233DB84912F7}.Debug|Any CPU.Deploy.0 = Debug|Any CPU
		{9F81AE7C-1083-4E90-8706-233DB84912F7}.Release|Any CPU.ActiveCfg = Release|Any CPU
		{9F81AE7C-1083-4E90-8706-233DB84912F7}.Release|Any CPU.Build.0 = Release|Any CPU
		{9F81AE7C-1083-4E90-8706-233DB84912F7}.Release|Any CPU.Deploy.0 = Release|Any CPU
		{51051B93-973B-4D08-888E-20919ED0DA4C}.Debug|Any CPU.ActiveCfg = Debug|Any CPU
		{51051B93-973B-4D08-888E-20919ED0DA4C}.Debug|Any CPU.Build.0 = Debug|Any CPU
		{51051B93-973B-4D08-888E-20919ED0DA4C}.Debug|Any CPU.Deploy.0 = Debug|Any CPU
		{51051B93-973B-4D08-888E-20919ED0DA4C}.Release|Any CPU.ActiveCfg = Release|Any CPU
		{51051B93-973B-4D08-888E-20919ED0DA4C}.Release|Any CPU.Build.0 = Release|Any CPU
		{51051B93-973B-4D08-888E-20919ED0DA4C}.Release|Any CPU.Deploy.0 = Release|Any CPU
	EndGlobalSection
	GlobalSection(SolutionProperties) = preSolution
		HideSolutionNode = FALSE
	EndGlobalSection
	GlobalSection(ExtensibilityGlobals) = postSolution
		SolutionGuid = {1ED0380F-6748-4B00-BB8A-1214BCF330EC}
	EndGlobalSection
EndGlobal
